
Microsoft Visual Studio Solution File, Format Version 12.00
# Visual Studio Version 16
VisualStudioVersion = 16.0.28803.452
MinimumVisualStudioVersion = 10.0.40219.1
Project("{FAE04EC0-301F-11D3-BF4B-00C04F79EFBC}") = "HelpTrade", "HelpTrade\HelpTrade.csproj", "{00814FB6-43D6-4CEE-9ED4-5C171EBEFA44}"
EndProject
Global
	GlobalSection(SolutionConfigurationPlatforms) = preSolution
		Debug|Any CPU = Debug|Any CPU
		Release|Any CPU = Release|Any CPU
	EndGlobalSection
	GlobalSection(ProjectConfigurationPlatforms) = postSolution
		{00814FB6-43D6-4CEE-9ED4-5C171EBEFA44}.Debug|Any CPU.ActiveCfg = Debug|Any CPU
		{00814FB6-43D6-4CEE-9ED4-5C171EBEFA44}.Debug|Any CPU.Build.0 = Debug|Any CPU
		{00814FB6-43D6-4CEE-9ED4-5C171EBEFA44}.Release|Any CPU.ActiveCfg = Release|Any CPU
		{00814FB6-43D6-4CEE-9ED4-5C171EBEFA44}.Release|Any CPU.Build.0 = Release|Any CPU
	EndGlobalSection
	GlobalSection(SolutionProperties) = preSolution
		HideSolutionNode = FALSE
	EndGlobalSection
	GlobalSection(ExtensibilityGlobals) = postSolution
		SolutionGuid = {0F202801-4E5D-4277-B5DC-2650C800B5DB}
	EndGlobalSection
EndGlobal
